<?xml version="1.0" encoding="UTF-8" standalone="yes" ?>
<CodeBlocks_project_file>
	<FileVersion major="1" minor="6" />
	<Project>
		<Option title="Tap" />
		<Option pch_mode="2" />
		<Option compiler="gcc" />
		<Build>
			<Target title="Release">
				<Option output="bin/Release/Tap" prefix_auto="1" extension_auto="1" />
				<Option object_output="obj/Release/" />
				<Option type="1" />
				<Option compiler="gcc" />
				<Compiler>
					<Add option="-g" />
				</Compiler>
			</Target>
		</Build>
		<Compiler>
			<Add option="-Wall" />
			<Add option="-g" />
		</Compiler>
		<Unit filename="arrays.c">
			<Option compilerVar="CC" />
		</Unit>
		<Unit filename="arrays.h" />
		<Unit filename="casting.c">
			<Option compilerVar="CC" />
		</Unit>
		<Unit filename="casting.h" />
		<Unit filename="constants.h" />
		<Unit filename="constructors.c">
			<Option compilerVar="CC" />
		</Unit>
		<Unit filename="constructors.h" />
		<Unit filename="dates.c">
			<Option compilerVar="CC" />
		</Unit>
		<Unit filename="dates.h" />
		<Unit filename="debug.c">
			<Option compilerVar="CC" />
		</Unit>
		<Unit filename="debug.h" />
		<Unit filename="dep_structs.h" />
		<Unit filename="engine.c">
			<Option compilerVar="CC" />
		</Unit>
		<Unit filename="engine.h" />
		<Unit filename="externs.h" />
		<Unit filename="hashtable.c">
			<Option compilerVar="CC" />
		</Unit>
		<Unit filename="hashtable.h" />
		<Unit filename="main.c">
			<Option compilerVar="CC" />
		</Unit>
		<Unit filename="memory.c">
			<Option compilerVar="CC" />
		</Unit>
		<Unit filename="memory.h" />
		<Unit filename="prim_arr.c">
			<Option compilerVar="CC" />
		</Unit>
		<Unit filename="prim_arr.h" />
		<Unit filename="prim_dat.c">
			<Option compilerVar="CC" />
		</Unit>
		<Unit filename="prim_dat.h" />
		<Unit filename="prim_exp.c">
			<Option compilerVar="CC" />
		</Unit>
		<Unit filename="prim_exp.h" />
		<Unit filename="prim_flo.c">
			<Option compilerVar="CC" />
		</Unit>
		<Unit filename="prim_flo.h" />
		<Unit filename="prim_fun.c">
			<Option compilerVar="CC" />
		</Unit>
		<Unit filename="prim_fun.h" />
		<Unit filename="prim_int.c">
			<Option compilerVar="CC" />
		</Unit>
		<Unit filename="prim_int.h" />
		<Unit filename="prim_laz.c">
			<Option compilerVar="CC" />
		</Unit>
		<Unit filename="prim_laz.h" />
		<Unit filename="prim_nil.c">
			<Option compilerVar="CC" />
		</Unit>
		<Unit filename="prim_nil.h" />
		<Unit filename="prim_obj.c">
			<Option compilerVar="CC" />
		</Unit>
		<Unit filename="prim_obj.h" />
		<Unit filename="prim_str.c">
			<Option compilerVar="CC" />
		</Unit>
		<Unit filename="prim_str.h" />
		<Unit filename="prim_typ.c">
			<Option compilerVar="CC" />
		</Unit>
		<Unit filename="prim_typ.h" />
		<Unit filename="strings.c">
			<Option compilerVar="CC" />
		</Unit>
		<Unit filename="strings.h" />
		<Unit filename="structs.h" />
		<Unit filename="typedefs.h" />
		<Unit filename="types.c">
			<Option compilerVar="CC" />
		</Unit>
		<Unit filename="types.h" />
		<Extensions>
			<code_completion />
			<debugger />
		</Extensions>
	</Project>
</CodeBlocks_project_file>
